
Microsoft Visual Studio Solution File, Format Version 12.00
# Visual Studio Version 16
VisualStudioVersion = 16.0.30523.141
MinimumVisualStudioVersion = 10.0.40219.1
Project("{9A19103F-16F7-4668-BE54-9A1E7A4F7556}") = "Scanner.Shared", "Scanner.Shared\Scanner.Shared.csproj", "{68386FD1-3E0E-47EF-B81D-048524E79923}"
EndProject
Project("{9A19103F-16F7-4668-BE54-9A1E7A4F7556}") = "Scanner.Tests", "Scanner.Tests\Scanner.Tests.csproj", "{BA06310D-6D1A-4358-8EBB-E780E3F3FEAB}"
EndProject
Project("{9A19103F-16F7-4668-BE54-9A1E7A4F7556}") = "Scanner.Languages.Names", "Scanner.Languages.Names\Scanner.Languages.Names.csproj", "{EB0FB585-47ED-4EFA-94A1-4AB906B5E3DA}"
EndProject
Project("{2150E333-8FDC-42A3-9474-1A3956D46DE8}") = "Languages", "Languages", "{89B2A763-546E-425E-850F-64E112FE90FC}"
EndProject
Project("{9A19103F-16F7-4668-BE54-9A1E7A4F7556}") = "Scanner.Languages.Arrays", "Scanner.Languages.Arrays\Scanner.Languages.Arrays.csproj", "{F046B9DB-CD6F-45F2-AD6D-7D7C29E2790E}"
EndProject
Global
	GlobalSection(SolutionConfigurationPlatforms) = preSolution
		Debug|Any CPU = Debug|Any CPU
		Release|Any CPU = Release|Any CPU
	EndGlobalSection
	GlobalSection(ProjectConfigurationPlatforms) = postSolution
		{68386FD1-3E0E-47EF-B81D-048524E79923}.Debug|Any CPU.ActiveCfg = Debug|Any CPU
		{68386FD1-3E0E-47EF-B81D-048524E79923}.Debug|Any CPU.Build.0 = Debug|Any CPU
		{68386FD1-3E0E-47EF-B81D-048524E79923}.Release|Any CPU.ActiveCfg = Release|Any CPU
		{68386FD1-3E0E-47EF-B81D-048524E79923}.Release|Any CPU.Build.0 = Release|Any CPU
		{BA06310D-6D1A-4358-8EBB-E780E3F3FEAB}.Debug|Any CPU.ActiveCfg = Debug|Any CPU
		{BA06310D-6D1A-4358-8EBB-E780E3F3FEAB}.Debug|Any CPU.Build.0 = Debug|Any CPU
		{BA06310D-6D1A-4358-8EBB-E780E3F3FEAB}.Release|Any CPU.ActiveCfg = Release|Any CPU
		{BA06310D-6D1A-4358-8EBB-E780E3F3FEAB}.Release|Any CPU.Build.0 = Release|Any CPU
		{EB0FB585-47ED-4EFA-94A1-4AB906B5E3DA}.Debug|Any CPU.ActiveCfg = Debug|Any CPU
		{EB0FB585-47ED-4EFA-94A1-4AB906B5E3DA}.Debug|Any CPU.Build.0 = Debug|Any CPU
		{EB0FB585-47ED-4EFA-94A1-4AB906B5E3DA}.Release|Any CPU.ActiveCfg = Release|Any CPU
		{EB0FB585-47ED-4EFA-94A1-4AB906B5E3DA}.Release|Any CPU.Build.0 = Release|Any CPU
		{F046B9DB-CD6F-45F2-AD6D-7D7C29E2790E}.Debug|Any CPU.ActiveCfg = Debug|Any CPU
		{F046B9DB-CD6F-45F2-AD6D-7D7C29E2790E}.Debug|Any CPU.Build.0 = Debug|Any CPU
		{F046B9DB-CD6F-45F2-AD6D-7D7C29E2790E}.Release|Any CPU.ActiveCfg = Release|Any CPU
		{F046B9DB-CD6F-45F2-AD6D-7D7C29E2790E}.Release|Any CPU.Build.0 = Release|Any CPU
	EndGlobalSection
	GlobalSection(SolutionProperties) = preSolution
		HideSolutionNode = FALSE
	EndGlobalSection
	GlobalSection(NestedProjects) = preSolution
		{EB0FB585-47ED-4EFA-94A1-4AB906B5E3DA} = {89B2A763-546E-425E-850F-64E112FE90FC}
		{F046B9DB-CD6F-45F2-AD6D-7D7C29E2790E} = {89B2A763-546E-425E-850F-64E112FE90FC}
	EndGlobalSection
	GlobalSection(ExtensibilityGlobals) = postSolution
		SolutionGuid = {AF8EF83D-D9C5-4148-A1B9-385023DA019E}
	EndGlobalSection
EndGlobal
